// !$*UTF8*$!
{
	archiveVersion = 1;
	classes = {
	};
	objectVersion = 56;
	objects = {

/* Begin PBXBuildFile section */
		CB4101A02ADA826100496B81 /* OneApp.swift in Sources */ = {isa = PBXBuildFile; fileRef = CB41019F2ADA826100496B81 /* OneApp.swift */; };
		CB4101A22ADA826100496B81 /* Persistence.swift in Sources */ = {isa = PBXBuildFile; fileRef = CB4101A12ADA826100496B81 /* Persistence.swift */; };
		CB4101A52ADA826100496B81 /* One.xcdatamodeld in Sources */ = {isa = PBXBuildFile; fileRef = CB4101A32ADA826100496B81 /* One.xcdatamodeld */; };
		CB4101A72ADA826100496B81 /* ContentView.swift in Sources */ = {isa = PBXBuildFile; fileRef = CB4101A62ADA826100496B81 /* ContentView.swift */; };
		CB4101A92ADA826200496B81 /* Assets.xcassets in Resources */ = {isa = PBXBuildFile; fileRef = CB4101A82ADA826200496B81 /* Assets.xcassets */; };
		CB4101AD2ADA826200496B81 /* Preview Assets.xcassets in Resources */ = {isa = PBXBuildFile; fileRef = CB4101AC2ADA826200496B81 /* Preview Assets.xcassets */; };
		CB4101B42ADA8A1C00496B81 /* ItemCloudStore.swift in Sources */ = {isa = PBXBuildFile; fileRef = CB4101B32ADA8A1C00496B81 /* ItemCloudStore.swift */; };
		CB51693C2ADEBFA3004344FD /* Todo.swift in Sources */ = {isa = PBXBuildFile; fileRef = CB51693B2ADEBFA3004344FD /* Todo.swift */; };
		CB51693E2ADEC056004344FD /* Record.swift in Sources */ = {isa = PBXBuildFile; fileRef = CB51693D2ADEC056004344FD /* Record.swift */; };
		CB5169402AE2B76D004344FD /* ErrorMsg.swift in Sources */ = {isa = PBXBuildFile; fileRef = CB51693F2AE2B76D004344FD /* ErrorMsg.swift */; };
		CB5169422AE3868D004344FD /* ErrorView.swift in Sources */ = {isa = PBXBuildFile; fileRef = CB5169412AE3868D004344FD /* ErrorView.swift */; };
		CBEF3B7A2ADA9E8700357E49 /* NameView.swift in Sources */ = {isa = PBXBuildFile; fileRef = CBEF3B792ADA9E8700357E49 /* NameView.swift */; };
		CBEF3B7C2ADAA5F400357E49 /* TodoView.swift in Sources */ = {isa = PBXBuildFile; fileRef = CBEF3B7B2ADAA5F400357E49 /* TodoView.swift */; };
		CBEF3B802ADAA77900357E49 /* CheckView.swift in Sources */ = {isa = PBXBuildFile; fileRef = CBEF3B7F2ADAA77900357E49 /* CheckView.swift */; };
		CBEF3B842ADAA92400357E49 /* Overview.swift in Sources */ = {isa = PBXBuildFile; fileRef = CBEF3B832ADAA92400357E49 /* Overview.swift */; };
		CBEF3B8E2ADB960C00357E49 /* User.swift in Sources */ = {isa = PBXBuildFile; fileRef = CBEF3B8D2ADB960C00357E49 /* User.swift */; };
		CBEF3B902ADBE68A00357E49 /* ControllerView.swift in Sources */ = {isa = PBXBuildFile; fileRef = CBEF3B8F2ADBE68A00357E49 /* ControllerView.swift */; };
		CBF10AAB2ADD60D0002867A7 /* CommonView.swift in Sources */ = {isa = PBXBuildFile; fileRef = CBF10AAA2ADD60D0002867A7 /* CommonView.swift */; };
		CBF10AAD2ADD77E3002867A7 /* ActionButton.swift in Sources */ = {isa = PBXBuildFile; fileRef = CBF10AAC2ADD77E3002867A7 /* ActionButton.swift */; };
/* End PBXBuildFile section */

/* Begin PBXFileReference section */
		CB41019C2ADA826100496B81 /* One - See One, Do One, & Done.app */ = {isa = PBXFileReference; explicitFileType = wrapper.application; includeInIndex = 0; path = "One - See One, Do One, & Done.app"; sourceTree = BUILT_PRODUCTS_DIR; };
		CB41019F2ADA826100496B81 /* OneApp.swift */ = {isa = PBXFileReference; lastKnownFileType = sourcecode.swift; path = OneApp.swift; sourceTree = "<group>"; };
		CB4101A12ADA826100496B81 /* Persistence.swift */ = {isa = PBXFileReference; lastKnownFileType = sourcecode.swift; path = Persistence.swift; sourceTree = "<group>"; };
		CB4101A42ADA826100496B81 /* One.xcdatamodel */ = {isa = PBXFileReference; lastKnownFileType = wrapper.xcdatamodel; path = One.xcdatamodel; sourceTree = "<group>"; };
		CB4101A62ADA826100496B81 /* ContentView.swift */ = {isa = PBXFileReference; lastKnownFileType = sourcecode.swift; path = ContentView.swift; sourceTree = "<group>"; };
		CB4101A82ADA826200496B81 /* Assets.xcassets */ = {isa = PBXFileReference; lastKnownFileType = folder.assetcatalog; path = Assets.xcassets; sourceTree = "<group>"; };
		CB4101AA2ADA826200496B81 /* One.entitlements */ = {isa = PBXFileReference; lastKnownFileType = text.plist.entitlements; path = One.entitlements; sourceTree = "<group>"; };
		CB4101AC2ADA826200496B81 /* Preview Assets.xcassets */ = {isa = PBXFileReference; lastKnownFileType = folder.assetcatalog; path = "Preview Assets.xcassets"; sourceTree = "<group>"; };
		CB4101B32ADA8A1C00496B81 /* ItemCloudStore.swift */ = {isa = PBXFileReference; lastKnownFileType = sourcecode.swift; path = ItemCloudStore.swift; sourceTree = "<group>"; };
		CB51693B2ADEBFA3004344FD /* Todo.swift */ = {isa = PBXFileReference; lastKnownFileType = sourcecode.swift; path = Todo.swift; sourceTree = "<group>"; };
		CB51693D2ADEC056004344FD /* Record.swift */ = {isa = PBXFileReference; lastKnownFileType = sourcecode.swift; path = Record.swift; sourceTree = "<group>"; };
		CB51693F2AE2B76D004344FD /* ErrorMsg.swift */ = {isa = PBXFileReference; lastKnownFileType = sourcecode.swift; path = ErrorMsg.swift; sourceTree = "<group>"; };
		CB5169412AE3868D004344FD /* ErrorView.swift */ = {isa = PBXFileReference; lastKnownFileType = sourcecode.swift; path = ErrorView.swift; sourceTree = "<group>"; };
		CBEF3B792ADA9E8700357E49 /* NameView.swift */ = {isa = PBXFileReference; lastKnownFileType = sourcecode.swift; path = NameView.swift; sourceTree = "<group>"; };
		CBEF3B7B2ADAA5F400357E49 /* TodoView.swift */ = {isa = PBXFileReference; lastKnownFileType = sourcecode.swift; path = TodoView.swift; sourceTree = "<group>"; };
		CBEF3B7F2ADAA77900357E49 /* CheckView.swift */ = {isa = PBXFileReference; lastKnownFileType = sourcecode.swift; path = CheckView.swift; sourceTree = "<group>"; };
		CBEF3B832ADAA92400357E49 /* Overview.swift */ = {isa = PBXFileReference; lastKnownFileType = sourcecode.swift; path = Overview.swift; sourceTree = "<group>"; };
		CBEF3B8D2ADB960C00357E49 /* User.swift */ = {isa = PBXFileReference; lastKnownFileType = sourcecode.swift; path = User.swift; sourceTree = "<group>"; };
		CBEF3B8F2ADBE68A00357E49 /* ControllerView.swift */ = {isa = PBXFileReference; lastKnownFileType = sourcecode.swift; path = ControllerView.swift; sourceTree = "<group>"; };
		CBEF3B912ADC0D8A00357E49 /* Info.plist */ = {isa = PBXFileReference; lastKnownFileType = text.plist; path = Info.plist; sourceTree = "<group>"; };
		CBF10AAA2ADD60D0002867A7 /* CommonView.swift */ = {isa = PBXFileReference; lastKnownFileType = sourcecode.swift; path = CommonView.swift; sourceTree = "<group>"; };
		CBF10AAC2ADD77E3002867A7 /* ActionButton.swift */ = {isa = PBXFileReference; lastKnownFileType = sourcecode.swift; path = ActionButton.swift; sourceTree = "<group>"; };
/* End PBXFileReference section */

/* Begin PBXFrameworksBuildPhase section */
		CB4101992ADA826100496B81 /* Frameworks */ = {
			isa = PBXFrameworksBuildPhase;
			buildActionMask = 2147483647;
			files = (
			);
			runOnlyForDeploymentPostprocessing = 0;
		};
/* End PBXFrameworksBuildPhase section */

/* Begin PBXGroup section */
		CB4101932ADA826100496B81 = {
			isa = PBXGroup;
			children = (
				CB41019E2ADA826100496B81 /* One */,
				CB41019D2ADA826100496B81 /* Products */,
			);
			sourceTree = "<group>";
		};
		CB41019D2ADA826100496B81 /* Products */ = {
			isa = PBXGroup;
			children = (
				CB41019C2ADA826100496B81 /* One - See One, Do One, & Done.app */,
			);
			name = Products;
			sourceTree = "<group>";
		};
		CB41019E2ADA826100496B81 /* One */ = {
			isa = PBXGroup;
			children = (
				CBF10AA92ADD60B5002867A7 /* Component */,
				CBEF3B912ADC0D8A00357E49 /* Info.plist */,
				CBEF3B8C2ADB95FF00357E49 /* Model */,
				CBEF3B782ADA9E7D00357E49 /* View */,
				CBEF3B772ADA9E3300357E49 /* TestFile */,
				CB41019F2ADA826100496B81 /* OneApp.swift */,
				CB4101A82ADA826200496B81 /* Assets.xcassets */,
				CB4101AA2ADA826200496B81 /* One.entitlements */,
				CB4101A32ADA826100496B81 /* One.xcdatamodeld */,
				CB4101AB2ADA826200496B81 /* Preview Content */,
			);
			path = One;
			sourceTree = "<group>";
		};
		CB4101AB2ADA826200496B81 /* Preview Content */ = {
			isa = PBXGroup;
			children = (
				CB4101AC2ADA826200496B81 /* Preview Assets.xcassets */,
			);
			path = "Preview Content";
			sourceTree = "<group>";
		};
		CBEF3B772ADA9E3300357E49 /* TestFile */ = {
			isa = PBXGroup;
			children = (
				CB4101A12ADA826100496B81 /* Persistence.swift */,
				CB4101A62ADA826100496B81 /* ContentView.swift */,
				CB4101B32ADA8A1C00496B81 /* ItemCloudStore.swift */,
			);
			path = TestFile;
			sourceTree = "<group>";
		};
		CBEF3B782ADA9E7D00357E49 /* View */ = {
			isa = PBXGroup;
			children = (
				CBEF3B792ADA9E8700357E49 /* NameView.swift */,
				CBEF3B7B2ADAA5F400357E49 /* TodoView.swift */,
				CBEF3B7F2ADAA77900357E49 /* CheckView.swift */,
				CBEF3B832ADAA92400357E49 /* Overview.swift */,
				CBEF3B8F2ADBE68A00357E49 /* ControllerView.swift */,
				CB5169412AE3868D004344FD /* ErrorView.swift */,
			);
			path = View;
			sourceTree = "<group>";
		};
		CBEF3B8C2ADB95FF00357E49 /* Model */ = {
			isa = PBXGroup;
			children = (
				CBEF3B8D2ADB960C00357E49 /* User.swift */,
				CB51693B2ADEBFA3004344FD /* Todo.swift */,
				CB51693D2ADEC056004344FD /* Record.swift */,
				CB51693F2AE2B76D004344FD /* ErrorMsg.swift */,
			);
			path = Model;
			sourceTree = "<group>";
		};
		CBF10AA92ADD60B5002867A7 /* Component */ = {
			isa = PBXGroup;
			children = (
				CBF10AAA2ADD60D0002867A7 /* CommonView.swift */,
				CBF10AAC2ADD77E3002867A7 /* ActionButton.swift */,
			);
			path = Component;
			sourceTree = "<group>";
		};
/* End PBXGroup section */

/* Begin PBXNativeTarget section */
		CB41019B2ADA826100496B81 /* One */ = {
			isa = PBXNativeTarget;
			buildConfigurationList = CB4101B02ADA826200496B81 /* Build configuration list for PBXNativeTarget "One" */;
			buildPhases = (
				CB4101982ADA826100496B81 /* Sources */,
				CB4101992ADA826100496B81 /* Frameworks */,
				CB41019A2ADA826100496B81 /* Resources */,
			);
			buildRules = (
			);
			dependencies = (
			);
			name = One;
			productName = One;
			productReference = CB41019C2ADA826100496B81 /* One - See One, Do One, & Done.app */;
			productType = "com.apple.product-type.application";
		};
/* End PBXNativeTarget section */

/* Begin PBXProject section */
		CB4101942ADA826100496B81 /* Project object */ = {
			isa = PBXProject;
			attributes = {
				BuildIndependentTargetsInParallel = 1;
				LastSwiftUpdateCheck = 1430;
				LastUpgradeCheck = 1430;
				TargetAttributes = {
					CB41019B2ADA826100496B81 = {
						CreatedOnToolsVersion = 14.3.1;
					};
				};
			};
			buildConfigurationList = CB4101972ADA826100496B81 /* Build configuration list for PBXProject "One" */;
			compatibilityVersion = "Xcode 14.0";
			developmentRegion = en;
			hasScannedForEncodings = 0;
			knownRegions = (
				en,
				Base,
			);
			mainGroup = CB4101932ADA826100496B81;
			productRefGroup = CB41019D2ADA826100496B81 /* Products */;
			projectDirPath = "";
			projectRoot = "";
			targets = (
				CB41019B2ADA826100496B81 /* One */,
			);
		};
/* End PBXProject section */

/* Begin PBXResourcesBuildPhase section */
		CB41019A2ADA826100496B81 /* Resources */ = {
			isa = PBXResourcesBuildPhase;
			buildActionMask = 2147483647;
			files = (
				CB4101AD2ADA826200496B81 /* Preview Assets.xcassets in Resources */,
				CB4101A92ADA826200496B81 /* Assets.xcassets in Resources */,
			);
			runOnlyForDeploymentPostprocessing = 0;
		};
/* End PBXResourcesBuildPhase section */

/* Begin PBXSourcesBuildPhase section */
		CB4101982ADA826100496B81 /* Sources */ = {
			isa = PBXSourcesBuildPhase;
			buildActionMask = 2147483647;
			files = (
				CB4101A02ADA826100496B81 /* OneApp.swift in Sources */,
				CBEF3B7A2ADA9E8700357E49 /* NameView.swift in Sources */,
				CB51693E2ADEC056004344FD /* Record.swift in Sources */,
				CBF10AAD2ADD77E3002867A7 /* ActionButton.swift in Sources */,
				CB5169422AE3868D004344FD /* ErrorView.swift in Sources */,
				CBEF3B7C2ADAA5F400357E49 /* TodoView.swift in Sources */,
				CBEF3B842ADAA92400357E49 /* Overview.swift in Sources */,
				CBEF3B802ADAA77900357E49 /* CheckView.swift in Sources */,
				CB4101A52ADA826100496B81 /* One.xcdatamodeld in Sources */,
				CB51693C2ADEBFA3004344FD /* Todo.swift in Sources */,
				CB4101A72ADA826100496B81 /* ContentView.swift in Sources */,
				CB5169402AE2B76D004344FD /* ErrorMsg.swift in Sources */,
				CB4101A22ADA826100496B81 /* Persistence.swift in Sources */,
				CBEF3B8E2ADB960C00357E49 /* User.swift in Sources */,
				CBEF3B902ADBE68A00357E49 /* ControllerView.swift in Sources */,
				CB4101B42ADA8A1C00496B81 /* ItemCloudStore.swift in Sources */,
				CBF10AAB2ADD60D0002867A7 /* CommonView.swift in Sources */,
			);
			runOnlyForDeploymentPostprocessing = 0;
		};
/* End PBXSourcesBuildPhase section */

/* Begin XCBuildConfiguration section */
		CB4101AE2ADA826200496B81 /* Debug */ = {
			isa = XCBuildConfiguration;
			buildSettings = {
				ALWAYS_SEARCH_USER_PATHS = NO;
				CLANG_ANALYZER_NONNULL = YES;
				CLANG_ANALYZER_NUMBER_OBJECT_CONVERSION = YES_AGGRESSIVE;
				CLANG_CXX_LANGUAGE_STANDARD = "gnu++20";
				CLANG_ENABLE_MODULES = YES;
				CLANG_ENABLE_OBJC_ARC = YES;
				CLANG_ENABLE_OBJC_WEAK = YES;
				CLANG_WARN_BLOCK_CAPTURE_AUTORELEASING = YES;
				CLANG_WARN_BOOL_CONVERSION = YES;
				CLANG_WARN_COMMA = YES;
				CLANG_WARN_CONSTANT_CONVERSION = YES;
				CLANG_WARN_DEPRECATED_OBJC_IMPLEMENTATIONS = YES;
				CLANG_WARN_DIRECT_OBJC_ISA_USAGE = YES_ERROR;
				CLANG_WARN_DOCUMENTATION_COMMENTS = YES;
				CLANG_WARN_EMPTY_BODY = YES;
				CLANG_WARN_ENUM_CONVERSION = YES;
				CLANG_WARN_INFINITE_RECURSION = YES;
				CLANG_WARN_INT_CONVERSION = YES;
				CLANG_WARN_NON_LITERAL_NULL_CONVERSION = YES;
				CLANG_WARN_OBJC_IMPLICIT_RETAIN_SELF = YES;
				CLANG_WARN_OBJC_LITERAL_CONVERSION = YES;
				CLANG_WARN_OBJC_ROOT_CLASS = YES_ERROR;
				CLANG_WARN_QUOTED_INCLUDE_IN_FRAMEWORK_HEADER = YES;
				CLANG_WARN_RANGE_LOOP_ANALYSIS = YES;
				CLANG_WARN_STRICT_PROTOTYPES = YES;
				CLANG_WARN_SUSPICIOUS_MOVE = YES;
				CLANG_WARN_UNGUARDED_AVAILABILITY = YES_AGGRESSIVE;
				CLANG_WARN_UNREACHABLE_CODE = YES;
				CLANG_WARN__DUPLICATE_METHOD_MATCH = YES;
				COPY_PHASE_STRIP = NO;
				DEBUG_INFORMATION_FORMAT = dwarf;
				ENABLE_STRICT_OBJC_MSGSEND = YES;
				ENABLE_TESTABILITY = YES;
				GCC_C_LANGUAGE_STANDARD = gnu11;
				GCC_DYNAMIC_NO_PIC = NO;
				GCC_NO_COMMON_BLOCKS = YES;
				GCC_OPTIMIZATION_LEVEL = 0;
				GCC_PREPROCESSOR_DEFINITIONS = (
					"DEBUG=1",
					"$(inherited)",
				);
				GCC_WARN_64_TO_32_BIT_CONVERSION = YES;
				GCC_WARN_ABOUT_RETURN_TYPE = YES_ERROR;
				GCC_WARN_UNDECLARED_SELECTOR = YES;
				GCC_WARN_UNINITIALIZED_AUTOS = YES_AGGRESSIVE;
				GCC_WARN_UNUSED_FUNCTION = YES;
				GCC_WARN_UNUSED_VARIABLE = YES;
				MTL_ENABLE_DEBUG_INFO = INCLUDE_SOURCE;
				MTL_FAST_MATH = YES;
				ONLY_ACTIVE_ARCH = YES;
				SWIFT_ACTIVE_COMPILATION_CONDITIONS = DEBUG;
				SWIFT_OPTIMIZATION_LEVEL = "-Onone";
			};
			name = Debug;
		};
		CB4101AF2ADA826200496B81 /* Release */ = {
			isa = XCBuildConfiguration;
			buildSettings = {
				ALWAYS_SEARCH_USER_PATHS = NO;
				CLANG_ANALYZER_NONNULL = YES;
				CLANG_ANALYZER_NUMBER_OBJECT_CONVERSION = YES_AGGRESSIVE;
				CLANG_CXX_LANGUAGE_STANDARD = "gnu++20";
				CLANG_ENABLE_MODULES = YES;
				CLANG_ENABLE_OBJC_ARC = YES;
				CLANG_ENABLE_OBJC_WEAK = YES;
				CLANG_WARN_BLOCK_CAPTURE_AUTORELEASING = YES;
				CLANG_WARN_BOOL_CONVERSION = YES;
				CLANG_WARN_COMMA = YES;
				CLANG_WARN_CONSTANT_CONVERSION = YES;
				CLANG_WARN_DEPRECATED_OBJC_IMPLEMENTATIONS = YES;
				CLANG_WARN_DIRECT_OBJC_ISA_USAGE = YES_ERROR;
				CLANG_WARN_DOCUMENTATION_COMMENTS = YES;
				CLANG_WARN_EMPTY_BODY = YES;
				CLANG_WARN_ENUM_CONVERSION = YES;
				CLANG_WARN_INFINITE_RECURSION = YES;
				CLANG_WARN_INT_CONVERSION = YES;
				CLANG_WARN_NON_LITERAL_NULL_CONVERSION = YES;
				CLANG_WARN_OBJC_IMPLICIT_RETAIN_SELF = YES;
				CLANG_WARN_OBJC_LITERAL_CONVERSION = YES;
				CLANG_WARN_OBJC_ROOT_CLASS = YES_ERROR;
				CLANG_WARN_QUOTED_INCLUDE_IN_FRAMEWORK_HEADER = YES;
				CLANG_WARN_RANGE_LOOP_ANALYSIS = YES;
				CLANG_WARN_STRICT_PROTOTYPES = YES;
				CLANG_WARN_SUSPICIOUS_MOVE = YES;
				CLANG_WARN_UNGUARDED_AVAILABILITY = YES_AGGRESSIVE;
				CLANG_WARN_UNREACHABLE_CODE = YES;
				CLANG_WARN__DUPLICATE_METHOD_MATCH = YES;
				COPY_PHASE_STRIP = NO;
				DEBUG_INFORMATION_FORMAT = "dwarf-with-dsym";
				ENABLE_NS_ASSERTIONS = NO;
				ENABLE_STRICT_OBJC_MSGSEND = YES;
				GCC_C_LANGUAGE_STANDARD = gnu11;
				GCC_NO_COMMON_BLOCKS = YES;
				GCC_WARN_64_TO_32_BIT_CONVERSION = YES;
				GCC_WARN_ABOUT_RETURN_TYPE = YES_ERROR;
				GCC_WARN_UNDECLARED_SELECTOR = YES;
				GCC_WARN_UNINITIALIZED_AUTOS = YES_AGGRESSIVE;
				GCC_WARN_UNUSED_FUNCTION = YES;
				GCC_WARN_UNUSED_VARIABLE = YES;
				MTL_ENABLE_DEBUG_INFO = NO;
				MTL_FAST_MATH = YES;
				SWIFT_COMPILATION_MODE = wholemodule;
				SWIFT_OPTIMIZATION_LEVEL = "-O";
			};
			name = Release;
		};
		CB4101B12ADA826200496B81 /* Debug */ = {
			isa = XCBuildConfiguration;
			buildSettings = {
				ASSETCATALOG_COMPILER_APPICON_NAME = AppIcon;
				ASSETCATALOG_COMPILER_GLOBAL_ACCENT_COLOR_NAME = AccentColor;
				CODE_SIGN_ENTITLEMENTS = One/One.entitlements;
				CODE_SIGN_IDENTITY = "Apple Development";
				CODE_SIGN_STYLE = Automatic;
				CURRENT_PROJECT_VERSION = 1;
				DEVELOPMENT_ASSET_PATHS = "\"One/Preview Content\"";
				DEVELOPMENT_TEAM = HY3UCDNN25;
				ENABLE_HARDENED_RUNTIME = YES;
				ENABLE_PREVIEWS = YES;
				GENERATE_INFOPLIST_FILE = YES;
				INFOPLIST_FILE = One/Info.plist;
				INFOPLIST_KEY_CFBundleDisplayName = "See One";
				INFOPLIST_KEY_LSApplicationCategoryType = "public.app-category.productivity";
				"INFOPLIST_KEY_UIApplicationSceneManifest_Generation[sdk=iphoneos*]" = YES;
				"INFOPLIST_KEY_UIApplicationSceneManifest_Generation[sdk=iphonesimulator*]" = YES;
				"INFOPLIST_KEY_UIApplicationSupportsIndirectInputEvents[sdk=iphoneos*]" = YES;
				"INFOPLIST_KEY_UIApplicationSupportsIndirectInputEvents[sdk=iphonesimulator*]" = YES;
				"INFOPLIST_KEY_UILaunchScreen_Generation[sdk=iphoneos*]" = YES;
				"INFOPLIST_KEY_UILaunchScreen_Generation[sdk=iphonesimulator*]" = YES;
				"INFOPLIST_KEY_UIStatusBarStyle[sdk=iphoneos*]" = UIStatusBarStyleDefault;
				"INFOPLIST_KEY_UIStatusBarStyle[sdk=iphonesimulator*]" = UIStatusBarStyleDefault;
				INFOPLIST_KEY_UISupportedInterfaceOrientations_iPad = "UIInterfaceOrientationPortrait UIInterfaceOrientationPortraitUpsideDown UIInterfaceOrientationLandscapeLeft UIInterfaceOrientationLandscapeRight";
				INFOPLIST_KEY_UISupportedInterfaceOrientations_iPhone = "UIInterfaceOrientationPortrait UIInterfaceOrientationLandscapeLeft UIInterfaceOrientationLandscapeRight";
				IPHONEOS_DEPLOYMENT_TARGET = 16.4;
				LD_RUNPATH_SEARCH_PATHS = "@executable_path/Frameworks";
				"LD_RUNPATH_SEARCH_PATHS[sdk=macosx*]" = "@executable_path/../Frameworks";
				MACOSX_DEPLOYMENT_TARGET = 13.0;
				MARKETING_VERSION = 1.0;
				PRODUCT_BUNDLE_IDENTIFIER = wlcharlie.One;
				PRODUCT_NAME = "One - See One, Do One, & Done";
				PROVISIONING_PROFILE_SPECIFIER = "";
				SDKROOT = auto;
				SUPPORTED_PLATFORMS = "iphoneos iphonesimulator macosx";
				SWIFT_EMIT_LOC_STRINGS = YES;
				SWIFT_VERSION = 5.0;
				TARGETED_DEVICE_FAMILY = "1,2";
			};
			name = Debug;
		};
		CB4101B22ADA826200496B81 /* Release */ = {
			isa = XCBuildConfiguration;
			buildSettings = {
				ASSETCATALOG_COMPILER_APPICON_NAME = AppIcon;
				ASSETCATALOG_COMPILER_GLOBAL_ACCENT_COLOR_NAME = AccentColor;
				CODE_SIGN_ENTITLEMENTS = One/One.entitlements;
				CODE_SIGN_IDENTITY = "Apple Development";
				CODE_SIGN_STYLE = Automatic;
				CURRENT_PROJECT_VERSION = 1;
				DEVELOPMENT_ASSET_PATHS = "\"One/Preview Content\"";
				DEVELOPMENT_TEAM = HY3UCDNN25;
				ENABLE_HARDENED_RUNTIME = YES;
				ENABLE_PREVIEWS = YES;
				GENERATE_INFOPLIST_FILE = YES;
				INFOPLIST_FILE = One/Info.plist;
				INFOPLIST_KEY_CFBundleDisplayName = "See One";
				INFOPLIST_KEY_LSApplicationCategoryType = "public.app-category.productivity";
				"INFOPLIST_KEY_UIApplicationSceneManifest_Generation[sdk=iphoneos*]" = YES;
				"INFOPLIST_KEY_UIApplicationSceneManifest_Generation[sdk=iphonesimulator*]" = YES;
				"INFOPLIST_KEY_UIApplicationSupportsIndirectInputEvents[sdk=iphoneos*]" = YES;
				"INFOPLIST_KEY_UIApplicationSupportsIndirectInputEvents[sdk=iphonesimulator*]" = YES;
				"INFOPLIST_KEY_UILaunchScreen_Generation[sdk=iphoneos*]" = YES;
				"INFOPLIST_KEY_UILaunchScreen_Generation[sdk=iphonesimulator*]" = YES;
				"INFOPLIST_KEY_UIStatusBarStyle[sdk=iphoneos*]" = UIStatusBarStyleDefault;
				"INFOPLIST_KEY_UIStatusBarStyle[sdk=iphonesimulator*]" = UIStatusBarStyleDefault;
				INFOPLIST_KEY_UISupportedInterfaceOrientations_iPad = "UIInterfaceOrientationPortrait UIInterfaceOrientationPortraitUpsideDown UIInterfaceOrientationLandscapeLeft UIInterfaceOrientationLandscapeRight";
				INFOPLIST_KEY_UISupportedInterfaceOrientations_iPhone = "UIInterfaceOrientationPortrait UIInterfaceOrientationLandscapeLeft UIInterfaceOrientationLandscapeRight";
				IPHONEOS_DEPLOYMENT_TARGET = 16.4;
				LD_RUNPATH_SEARCH_PATHS = "@executable_path/Frameworks";
				"LD_RUNPATH_SEARCH_PATHS[sdk=macosx*]" = "@executable_path/../Frameworks";
				MACOSX_DEPLOYMENT_TARGET = 13.0;
				MARKETING_VERSION = 1.0;
				PRODUCT_BUNDLE_IDENTIFIER = wlcharlie.One;
				PRODUCT_NAME = "One - See One, Do One, & Done";
				PROVISIONING_PROFILE_SPECIFIER = "";
				SDKROOT = auto;
				SUPPORTED_PLATFORMS = "iphoneos iphonesimulator macosx";
				SWIFT_EMIT_LOC_STRINGS = YES;
				SWIFT_VERSION = 5.0;
				TARGETED_DEVICE_FAMILY = "1,2";
			};
			name = Release;
		};
/* End XCBuildConfiguration section */

/* Begin XCConfigurationList section */
		CB4101972ADA826100496B81 /* Build configuration list for PBXProject "One" */ = {
			isa = XCConfigurationList;
			buildConfigurations = (
				CB4101AE2ADA826200496B81 /* Debug */,
				CB4101AF2ADA826200496B81 /* Release */,
			);
			defaultConfigurationIsVisible = 0;
			defaultConfigurationName = Release;
		};
		CB4101B02ADA826200496B81 /* Build configuration list for PBXNativeTarget "One" */ = {
			isa = XCConfigurationList;
			buildConfigurations = (
				CB4101B12ADA826200496B81 /* Debug */,
				CB4101B22ADA826200496B81 /* Release */,
			);
			defaultConfigurationIsVisible = 0;
			defaultConfigurationName = Release;
		};
/* End XCConfigurationList section */

/* Begin XCVersionGroup section */
		CB4101A32ADA826100496B81 /* One.xcdatamodeld */ = {
			isa = XCVersionGroup;
			children = (
				CB4101A42ADA826100496B81 /* One.xcdatamodel */,
			);
			currentVersion = CB4101A42ADA826100496B81 /* One.xcdatamodel */;
			path = One.xcdatamodeld;
			sourceTree = "<group>";
			versionGroupType = wrapper.xcdatamodel;
		};
/* End XCVersionGroup section */
	};
	rootObject = CB4101942ADA826100496B81 /* Project object */;
}
